
Microsoft Visual Studio Solution File, Format Version 12.00
# Visual Studio Version 17
VisualStudioVersion = 17.2.32516.85
MinimumVisualStudioVersion = 10.0.40219.1
Project("{2150E333-8FDC-42A3-9474-1A3956D46DE8}") = "src", "src", "{615B001B-EF7F-4F09-B2CB-383F169E4627}"
EndProject
Project("{2150E333-8FDC-42A3-9474-1A3956D46DE8}") = "Implementations", "Implementations", "{C5995C9F-9B7F-4171-BEDE-C19F1E784ED6}"
EndProject
Project("{9A19103F-16F7-4668-BE54-9A1E7A4F7556}") = "BitzArt.ApiExceptions.AspNetCore", "src\Implementations\BitzArt.ApiExceptions.AspNetCore\BitzArt.ApiExceptions.AspNetCore.csproj", "{1BBD5146-9B5E-4DF8-BFB5-5B931B7E3183}"
EndProject
Project("{2150E333-8FDC-42A3-9474-1A3956D46DE8}") = "sample", "sample", "{8F84E1A4-E5B4-4FE5-8200-E5AF0ACCE41C}"
EndProject
Project("{9A19103F-16F7-4668-BE54-9A1E7A4F7556}") = "BitzArt.ApiExceptions.AspNetCore.Sample", "sample\BitzArt.ApiExceptions.AspNetCore.Sample\BitzArt.ApiExceptions.AspNetCore.Sample.csproj", "{B2E29FB2-B157-4316-A38E-C99D242AE1A9}"
EndProject
Project("{2150E333-8FDC-42A3-9474-1A3956D46DE8}") = ".github", ".github", "{AA1D9106-BE0A-4171-AEC4-4BB6AA566DB7}"
EndProject
Project("{2150E333-8FDC-42A3-9474-1A3956D46DE8}") = "workflows", "workflows", "{C926A148-2053-4836-B8AA-D9548C35BDC9}"
	ProjectSection(SolutionItems) = preProject
		.github\workflows\Publish ApiExceptions.AspNetCore.yml = .github\workflows\Publish ApiExceptions.AspNetCore.yml
		.github\workflows\Publish ApiExceptions.yml = .github\workflows\Publish ApiExceptions.yml
	EndProjectSection
EndProject
Project("{9A19103F-16F7-4668-BE54-9A1E7A4F7556}") = "BitzArt.ApiExceptions", "src\BitzArt.ApiExceptions.Core\BitzArt.ApiExceptions.csproj", "{DC2B54EB-5BF8-406A-8C1A-E49508BA7BAC}"
EndProject
Project("{FAE04EC0-301F-11D3-BF4B-00C04F79EFBC}") = "BitzArt.ApiExceptions.ProblemDetails", "src\Implementations\BitzArt.ApiExceptions.ProblemDetails\BitzArt.ApiExceptions.ProblemDetails.csproj", "{56A14D91-ACF4-4C1D-B47A-D608D0BD01C8}"
EndProject
Global
	GlobalSection(SolutionConfigurationPlatforms) = preSolution
		Debug|Any CPU = Debug|Any CPU
		Release|Any CPU = Release|Any CPU
	EndGlobalSection
	GlobalSection(ProjectConfigurationPlatforms) = postSolution
		{1BBD5146-9B5E-4DF8-BFB5-5B931B7E3183}.Debug|Any CPU.ActiveCfg = Debug|Any CPU
		{1BBD5146-9B5E-4DF8-BFB5-5B931B7E3183}.Debug|Any CPU.Build.0 = Debug|Any CPU
		{1BBD5146-9B5E-4DF8-BFB5-5B931B7E3183}.Release|Any CPU.ActiveCfg = Release|Any CPU
		{1BBD5146-9B5E-4DF8-BFB5-5B931B7E3183}.Release|Any CPU.Build.0 = Release|Any CPU
		{B2E29FB2-B157-4316-A38E-C99D242AE1A9}.Debug|Any CPU.ActiveCfg = Debug|Any CPU
		{B2E29FB2-B157-4316-A38E-C99D242AE1A9}.Debug|Any CPU.Build.0 = Debug|Any CPU
		{B2E29FB2-B157-4316-A38E-C99D242AE1A9}.Release|Any CPU.ActiveCfg = Release|Any CPU
		{B2E29FB2-B157-4316-A38E-C99D242AE1A9}.Release|Any CPU.Build.0 = Release|Any CPU
		{DC2B54EB-5BF8-406A-8C1A-E49508BA7BAC}.Debug|Any CPU.ActiveCfg = Debug|Any CPU
		{DC2B54EB-5BF8-406A-8C1A-E49508BA7BAC}.Debug|Any CPU.Build.0 = Debug|Any CPU
		{DC2B54EB-5BF8-406A-8C1A-E49508BA7BAC}.Release|Any CPU.ActiveCfg = Release|Any CPU
		{DC2B54EB-5BF8-406A-8C1A-E49508BA7BAC}.Release|Any CPU.Build.0 = Release|Any CPU
		{56A14D91-ACF4-4C1D-B47A-D608D0BD01C8}.Debug|Any CPU.ActiveCfg = Debug|Any CPU
		{56A14D91-ACF4-4C1D-B47A-D608D0BD01C8}.Debug|Any CPU.Build.0 = Debug|Any CPU
		{56A14D91-ACF4-4C1D-B47A-D608D0BD01C8}.Release|Any CPU.ActiveCfg = Release|Any CPU
		{56A14D91-ACF4-4C1D-B47A-D608D0BD01C8}.Release|Any CPU.Build.0 = Release|Any CPU
	EndGlobalSection
	GlobalSection(SolutionProperties) = preSolution
		HideSolutionNode = FALSE
	EndGlobalSection
	GlobalSection(NestedProjects) = preSolution
		{C5995C9F-9B7F-4171-BEDE-C19F1E784ED6} = {615B001B-EF7F-4F09-B2CB-383F169E4627}
		{1BBD5146-9B5E-4DF8-BFB5-5B931B7E3183} = {C5995C9F-9B7F-4171-BEDE-C19F1E784ED6}
		{B2E29FB2-B157-4316-A38E-C99D242AE1A9} = {8F84E1A4-E5B4-4FE5-8200-E5AF0ACCE41C}
		{C926A148-2053-4836-B8AA-D9548C35BDC9} = {AA1D9106-BE0A-4171-AEC4-4BB6AA566DB7}
		{DC2B54EB-5BF8-406A-8C1A-E49508BA7BAC} = {615B001B-EF7F-4F09-B2CB-383F169E4627}
		{56A14D91-ACF4-4C1D-B47A-D608D0BD01C8} = {C5995C9F-9B7F-4171-BEDE-C19F1E784ED6}
	EndGlobalSection
	GlobalSection(ExtensibilityGlobals) = postSolution
		SolutionGuid = {E2514CA0-588A-4092-97BB-4798EF9A6B72}
	EndGlobalSection
EndGlobal
